// !$*UTF8*$!
{
	archiveVersion = 1;
	classes = {
	};
	objectVersion = 50;
	objects = {

/* Begin PBXBuildFile section */
		AF42AA34CB83F117D07631BD /* Pods_Motivate.framework in Frameworks */ = {isa = PBXBuildFile; fileRef = 9021D7245B0EE463005385DF /* Pods_Motivate.framework */; };
		C90B0DED21084C42006DA7AA /* Settings.storyboard in Resources */ = {isa = PBXBuildFile; fileRef = C90B0DEC21084C42006DA7AA /* Settings.storyboard */; };
		C91934AF21125C7600E9E74E /* ShowVideoViewController.swift in Sources */ = {isa = PBXBuildFile; fileRef = C91934AE21125C7600E9E74E /* ShowVideoViewController.swift */; };
		C926E37C2108FF1800312254 /* Video.swift in Sources */ = {isa = PBXBuildFile; fileRef = C926E37B2108FF1800312254 /* Video.swift */; };
		C926E381210900C700312254 /* HomeVideoTableViewCell.swift in Sources */ = {isa = PBXBuildFile; fileRef = C926E380210900C700312254 /* HomeVideoTableViewCell.swift */; };
		C926E3832109018700312254 /* CategoriesTableViewCell.swift in Sources */ = {isa = PBXBuildFile; fileRef = C926E3822109018700312254 /* CategoriesTableViewCell.swift */; };
		C926E38521091F4300312254 /* Quote.swift in Sources */ = {isa = PBXBuildFile; fileRef = C926E38421091F4300312254 /* Quote.swift */; };
		C938A13E210793B000139709 /* AppDelegate.swift in Sources */ = {isa = PBXBuildFile; fileRef = C938A13D210793B000139709 /* AppDelegate.swift */; };
		C938A143210793B000139709 /* Main.storyboard in Resources */ = {isa = PBXBuildFile; fileRef = C938A141210793B000139709 /* Main.storyboard */; };
		C938A145210793B000139709 /* Assets.xcassets in Resources */ = {isa = PBXBuildFile; fileRef = C938A144210793B000139709 /* Assets.xcassets */; };
		C938A15821079AA400139709 /* MainTabBarController.swift in Sources */ = {isa = PBXBuildFile; fileRef = C938A15721079AA400139709 /* MainTabBarController.swift */; };
		C938A15A21079ABB00139709 /* HomeViewController.swift in Sources */ = {isa = PBXBuildFile; fileRef = C938A15921079ABB00139709 /* HomeViewController.swift */; };
		C938A15C21079B1900139709 /* LaunchScreenViewController.swift in Sources */ = {isa = PBXBuildFile; fileRef = C938A15B21079B1900139709 /* LaunchScreenViewController.swift */; };
		C938A15E21079B8500139709 /* SettingsViewController.swift in Sources */ = {isa = PBXBuildFile; fileRef = C938A15D21079B8500139709 /* SettingsViewController.swift */; };
		C938A16021079BF000139709 /* CategoriesViewController.swift in Sources */ = {isa = PBXBuildFile; fileRef = C938A15F21079BF000139709 /* CategoriesViewController.swift */; };
		C938A1642107A20E00139709 /* Home.storyboard in Resources */ = {isa = PBXBuildFile; fileRef = C938A1632107A20E00139709 /* Home.storyboard */; };
		C938A1662107A2A800139709 /* Categories.storyboard in Resources */ = {isa = PBXBuildFile; fileRef = C938A1652107A2A800139709 /* Categories.storyboard */; };
		C95ECDCE210D67DC00280631 /* Categories.swift in Sources */ = {isa = PBXBuildFile; fileRef = C95ECDCD210D67DC00280631 /* Categories.swift */; };
		C95ECDD0210D78BC00280631 /* VideosInCategoriesViewController.swift in Sources */ = {isa = PBXBuildFile; fileRef = C95ECDCF210D78BC00280631 /* VideosInCategoriesViewController.swift */; };
		C9B379CC21095231003674BA /* Launch Screen.storyboard in Resources */ = {isa = PBXBuildFile; fileRef = C9B379CB21095231003674BA /* Launch Screen.storyboard */; };
		C9B379D0210A4518003674BA /* fakeLaunchScreenViewController.swift in Sources */ = {isa = PBXBuildFile; fileRef = C9B379CF210A4518003674BA /* fakeLaunchScreenViewController.swift */; };
		C9D97773210F712800FE82E0 /* VideosInCategoriesTableViewCell.swift in Sources */ = {isa = PBXBuildFile; fileRef = C9D97772210F712800FE82E0 /* VideosInCategoriesTableViewCell.swift */; };
		C9D97775210F741E00FE82E0 /* VideosInCategories.swift in Sources */ = {isa = PBXBuildFile; fileRef = C9D97774210F741E00FE82E0 /* VideosInCategories.swift */; };
/* End PBXBuildFile section */

/* Begin PBXFileReference section */
		4337340419BEBDF88CD537A8 /* Pods-Motivate.debug.xcconfig */ = {isa = PBXFileReference; includeInIndex = 1; lastKnownFileType = text.xcconfig; name = "Pods-Motivate.debug.xcconfig"; path = "Pods/Target Support Files/Pods-Motivate/Pods-Motivate.debug.xcconfig"; sourceTree = "<group>"; };
		5BB69A52FF71FAE51808D819 /* Pods-Motivate.release.xcconfig */ = {isa = PBXFileReference; includeInIndex = 1; lastKnownFileType = text.xcconfig; name = "Pods-Motivate.release.xcconfig"; path = "Pods/Target Support Files/Pods-Motivate/Pods-Motivate.release.xcconfig"; sourceTree = "<group>"; };
		9021D7245B0EE463005385DF /* Pods_Motivate.framework */ = {isa = PBXFileReference; explicitFileType = wrapper.framework; includeInIndex = 0; path = Pods_Motivate.framework; sourceTree = BUILT_PRODUCTS_DIR; };
		C90B0DEC21084C42006DA7AA /* Settings.storyboard */ = {isa = PBXFileReference; fileEncoding = 4; lastKnownFileType = file.storyboard; path = Settings.storyboard; sourceTree = "<group>"; };
		C91934AE21125C7600E9E74E /* ShowVideoViewController.swift */ = {isa = PBXFileReference; lastKnownFileType = sourcecode.swift; path = ShowVideoViewController.swift; sourceTree = "<group>"; };
		C926E37B2108FF1800312254 /* Video.swift */ = {isa = PBXFileReference; lastKnownFileType = sourcecode.swift; path = Video.swift; sourceTree = "<group>"; };
		C926E380210900C700312254 /* HomeVideoTableViewCell.swift */ = {isa = PBXFileReference; lastKnownFileType = sourcecode.swift; path = HomeVideoTableViewCell.swift; sourceTree = "<group>"; };
		C926E3822109018700312254 /* CategoriesTableViewCell.swift */ = {isa = PBXFileReference; lastKnownFileType = sourcecode.swift; path = CategoriesTableViewCell.swift; sourceTree = "<group>"; };
		C926E38421091F4300312254 /* Quote.swift */ = {isa = PBXFileReference; lastKnownFileType = sourcecode.swift; path = Quote.swift; sourceTree = "<group>"; };
		C938A13A210793B000139709 /* Motivate.app */ = {isa = PBXFileReference; explicitFileType = wrapper.application; includeInIndex = 0; path = Motivate.app; sourceTree = BUILT_PRODUCTS_DIR; };
		C938A13D210793B000139709 /* AppDelegate.swift */ = {isa = PBXFileReference; lastKnownFileType = sourcecode.swift; path = AppDelegate.swift; sourceTree = "<group>"; };
		C938A142210793B000139709 /* Base */ = {isa = PBXFileReference; lastKnownFileType = file.storyboard; name = Base; path = Base.lproj/Main.storyboard; sourceTree = "<group>"; };
		C938A144210793B000139709 /* Assets.xcassets */ = {isa = PBXFileReference; lastKnownFileType = folder.assetcatalog; path = Assets.xcassets; sourceTree = "<group>"; };
		C938A149210793B000139709 /* Info.plist */ = {isa = PBXFileReference; lastKnownFileType = text.plist.xml; path = Info.plist; sourceTree = "<group>"; };
		C938A15721079AA400139709 /* MainTabBarController.swift */ = {isa = PBXFileReference; lastKnownFileType = sourcecode.swift; path = MainTabBarController.swift; sourceTree = "<group>"; };
		C938A15921079ABB00139709 /* HomeViewController.swift */ = {isa = PBXFileReference; lastKnownFileType = sourcecode.swift; path = HomeViewController.swift; sourceTree = "<group>"; };
		C938A15B21079B1900139709 /* LaunchScreenViewController.swift */ = {isa = PBXFileReference; lastKnownFileType = sourcecode.swift; path = LaunchScreenViewController.swift; sourceTree = "<group>"; };
		C938A15D21079B8500139709 /* SettingsViewController.swift */ = {isa = PBXFileReference; lastKnownFileType = sourcecode.swift; path = SettingsViewController.swift; sourceTree = "<group>"; };
		C938A15F21079BF000139709 /* CategoriesViewController.swift */ = {isa = PBXFileReference; lastKnownFileType = sourcecode.swift; path = CategoriesViewController.swift; sourceTree = "<group>"; };
		C938A1632107A20E00139709 /* Home.storyboard */ = {isa = PBXFileReference; fileEncoding = 4; lastKnownFileType = file.storyboard; path = Home.storyboard; sourceTree = "<group>"; };
		C938A1652107A2A800139709 /* Categories.storyboard */ = {isa = PBXFileReference; fileEncoding = 4; lastKnownFileType = file.storyboard; path = Categories.storyboard; sourceTree = "<group>"; };
		C95ECDCD210D67DC00280631 /* Categories.swift */ = {isa = PBXFileReference; lastKnownFileType = sourcecode.swift; path = Categories.swift; sourceTree = "<group>"; };
		C95ECDCF210D78BC00280631 /* VideosInCategoriesViewController.swift */ = {isa = PBXFileReference; lastKnownFileType = sourcecode.swift; path = VideosInCategoriesViewController.swift; sourceTree = "<group>"; };
		C9B379CB21095231003674BA /* Launch Screen.storyboard */ = {isa = PBXFileReference; lastKnownFileType = file.storyboard; path = "Launch Screen.storyboard"; sourceTree = "<group>"; };
		C9B379CF210A4518003674BA /* fakeLaunchScreenViewController.swift */ = {isa = PBXFileReference; lastKnownFileType = sourcecode.swift; path = fakeLaunchScreenViewController.swift; sourceTree = "<group>"; };
		C9D97772210F712800FE82E0 /* VideosInCategoriesTableViewCell.swift */ = {isa = PBXFileReference; lastKnownFileType = sourcecode.swift; path = VideosInCategoriesTableViewCell.swift; sourceTree = "<group>"; };
		C9D97774210F741E00FE82E0 /* VideosInCategories.swift */ = {isa = PBXFileReference; lastKnownFileType = sourcecode.swift; path = VideosInCategories.swift; sourceTree = "<group>"; };
/* End PBXFileReference section */

/* Begin PBXFrameworksBuildPhase section */
		C938A137210793B000139709 /* Frameworks */ = {
			isa = PBXFrameworksBuildPhase;
			buildActionMask = 2147483647;
			files = (
				AF42AA34CB83F117D07631BD /* Pods_Motivate.framework in Frameworks */,
			);
			runOnlyForDeploymentPostprocessing = 0;
		};
/* End PBXFrameworksBuildPhase section */

/* Begin PBXGroup section */
		8BE54A312DCD973FE64E20C4 /* Frameworks */ = {
			isa = PBXGroup;
			children = (
				9021D7245B0EE463005385DF /* Pods_Motivate.framework */,
			);
			name = Frameworks;
			sourceTree = "<group>";
		};
		C926E37E2109000B00312254 /* Views */ = {
			isa = PBXGroup;
			children = (
				C926E380210900C700312254 /* HomeVideoTableViewCell.swift */,
				C926E3822109018700312254 /* CategoriesTableViewCell.swift */,
				C9D97772210F712800FE82E0 /* VideosInCategoriesTableViewCell.swift */,
			);
			path = Views;
			sourceTree = "<group>";
		};
		C926E37F2109001D00312254 /* Models */ = {
			isa = PBXGroup;
			children = (
				C926E37B2108FF1800312254 /* Video.swift */,
				C926E38421091F4300312254 /* Quote.swift */,
				C95ECDCD210D67DC00280631 /* Categories.swift */,
				C9D97774210F741E00FE82E0 /* VideosInCategories.swift */,
			);
			path = Models;
			sourceTree = "<group>";
		};
		C938A131210793B000139709 = {
			isa = PBXGroup;
			children = (
				C938A13C210793B000139709 /* Motivate */,
				C938A13B210793B000139709 /* Products */,
				E9BA7514F7BAAB88B51C91EE /* Pods */,
				8BE54A312DCD973FE64E20C4 /* Frameworks */,
			);
			sourceTree = "<group>";
		};
		C938A13B210793B000139709 /* Products */ = {
			isa = PBXGroup;
			children = (
				C938A13A210793B000139709 /* Motivate.app */,
			);
			name = Products;
			sourceTree = "<group>";
		};
		C938A13C210793B000139709 /* Motivate */ = {
			isa = PBXGroup;
			children = (
				C938A13D210793B000139709 /* AppDelegate.swift */,
				C926E37F2109001D00312254 /* Models */,
				C926E37E2109000B00312254 /* Views */,
				C938A150210799A500139709 /* Controllers */,
				C938A14F2107999A00139709 /* Storyboards */,
				C938A144210793B000139709 /* Assets.xcassets */,
				C938A149210793B000139709 /* Info.plist */,
			);
			path = Motivate;
			sourceTree = "<group>";
		};
		C938A14F2107999A00139709 /* Storyboards */ = {
			isa = PBXGroup;
			children = (
				C90B0DEC21084C42006DA7AA /* Settings.storyboard */,
				C938A141210793B000139709 /* Main.storyboard */,
				C938A1632107A20E00139709 /* Home.storyboard */,
				C938A1652107A2A800139709 /* Categories.storyboard */,
				C9B379CB21095231003674BA /* Launch Screen.storyboard */,
			);
			path = Storyboards;
			sourceTree = "<group>";
		};
		C938A150210799A500139709 /* Controllers */ = {
			isa = PBXGroup;
			children = (
				C938A15721079AA400139709 /* MainTabBarController.swift */,
				C9B379CF210A4518003674BA /* fakeLaunchScreenViewController.swift */,
				C938A15921079ABB00139709 /* HomeViewController.swift */,
				C938A15F21079BF000139709 /* CategoriesViewController.swift */,
				C95ECDCF210D78BC00280631 /* VideosInCategoriesViewController.swift */,
				C91934AE21125C7600E9E74E /* ShowVideoViewController.swift */,
				C938A15D21079B8500139709 /* SettingsViewController.swift */,
				C938A15B21079B1900139709 /* LaunchScreenViewController.swift */,
			);
			path = Controllers;
			sourceTree = "<group>";
		};
		E9BA7514F7BAAB88B51C91EE /* Pods */ = {
			isa = PBXGroup;
			children = (
				4337340419BEBDF88CD537A8 /* Pods-Motivate.debug.xcconfig */,
				5BB69A52FF71FAE51808D819 /* Pods-Motivate.release.xcconfig */,
			);
			name = Pods;
			sourceTree = "<group>";
		};
/* End PBXGroup section */

/* Begin PBXNativeTarget section */
		C938A139210793B000139709 /* Motivate */ = {
			isa = PBXNativeTarget;
			buildConfigurationList = C938A14C210793B000139709 /* Build configuration list for PBXNativeTarget "Motivate" */;
			buildPhases = (
				2A9AA7FFC86801612A86A069 /* [CP] Check Pods Manifest.lock */,
				C938A136210793B000139709 /* Sources */,
				C938A137210793B000139709 /* Frameworks */,
				C938A138210793B000139709 /* Resources */,
				625D5668F4ECA66B1069532F /* [CP] Embed Pods Frameworks */,
			);
			buildRules = (
			);
			dependencies = (
			);
			name = Motivate;
			productName = Motivate;
			productReference = C938A13A210793B000139709 /* Motivate.app */;
			productType = "com.apple.product-type.application";
		};
/* End PBXNativeTarget section */

/* Begin PBXProject section */
		C938A132210793B000139709 /* Project object */ = {
			isa = PBXProject;
			attributes = {
				LastSwiftUpdateCheck = 0940;
				LastUpgradeCheck = 0940;
				ORGANIZATIONNAME = "Make School";
				TargetAttributes = {
					C938A139210793B000139709 = {
						CreatedOnToolsVersion = 9.4.1;
					};
				};
			};
			buildConfigurationList = C938A135210793B000139709 /* Build configuration list for PBXProject "Motivate" */;
			compatibilityVersion = "Xcode 9.3";
			developmentRegion = en;
			hasScannedForEncodings = 0;
			knownRegions = (
				en,
				Base,
			);
			mainGroup = C938A131210793B000139709;
			productRefGroup = C938A13B210793B000139709 /* Products */;
			projectDirPath = "";
			projectRoot = "";
			targets = (
				C938A139210793B000139709 /* Motivate */,
			);
		};
/* End PBXProject section */

/* Begin PBXResourcesBuildPhase section */
		C938A138210793B000139709 /* Resources */ = {
			isa = PBXResourcesBuildPhase;
			buildActionMask = 2147483647;
			files = (
				C938A1662107A2A800139709 /* Categories.storyboard in Resources */,
				C938A145210793B000139709 /* Assets.xcassets in Resources */,
				C90B0DED21084C42006DA7AA /* Settings.storyboard in Resources */,
				C938A143210793B000139709 /* Main.storyboard in Resources */,
				C938A1642107A20E00139709 /* Home.storyboard in Resources */,
				C9B379CC21095231003674BA /* Launch Screen.storyboard in Resources */,
			);
			runOnlyForDeploymentPostprocessing = 0;
		};
/* End PBXResourcesBuildPhase section */

/* Begin PBXShellScriptBuildPhase section */
		2A9AA7FFC86801612A86A069 /* [CP] Check Pods Manifest.lock */ = {
			isa = PBXShellScriptBuildPhase;
			buildActionMask = 2147483647;
			files = (
			);
			inputPaths = (
				"${PODS_PODFILE_DIR_PATH}/Podfile.lock",
				"${PODS_ROOT}/Manifest.lock",
			);
			name = "[CP] Check Pods Manifest.lock";
			outputPaths = (
				"$(DERIVED_FILE_DIR)/Pods-Motivate-checkManifestLockResult.txt",
			);
			runOnlyForDeploymentPostprocessing = 0;
			shellPath = /bin/sh;
			shellScript = "diff \"${PODS_PODFILE_DIR_PATH}/Podfile.lock\" \"${PODS_ROOT}/Manifest.lock\" > /dev/null\nif [ $? != 0 ] ; then\n    # print error to STDERR\n    echo \"error: The sandbox is not in sync with the Podfile.lock. Run 'pod install' or update your CocoaPods installation.\" >&2\n    exit 1\nfi\n# This output is used by Xcode 'outputs' to avoid re-running this script phase.\necho \"SUCCESS\" > \"${SCRIPT_OUTPUT_FILE_0}\"\n";
			showEnvVarsInLog = 0;
		};
		625D5668F4ECA66B1069532F /* [CP] Embed Pods Frameworks */ = {
			isa = PBXShellScriptBuildPhase;
			buildActionMask = 2147483647;
			files = (
			);
			inputPaths = (
				"${SRCROOT}/Pods/Target Support Files/Pods-Motivate/Pods-Motivate-frameworks.sh",
				"${BUILT_PRODUCTS_DIR}/NVActivityIndicatorView/NVActivityIndicatorView.framework",
				"${BUILT_PRODUCTS_DIR}/YouTubePlayer/YouTubePlayer.framework",
			);
			name = "[CP] Embed Pods Frameworks";
			outputPaths = (
				"${TARGET_BUILD_DIR}/${FRAMEWORKS_FOLDER_PATH}/NVActivityIndicatorView.framework",
				"${TARGET_BUILD_DIR}/${FRAMEWORKS_FOLDER_PATH}/YouTubePlayer.framework",
			);
			runOnlyForDeploymentPostprocessing = 0;
			shellPath = /bin/sh;
			shellScript = "\"${SRCROOT}/Pods/Target Support Files/Pods-Motivate/Pods-Motivate-frameworks.sh\"\n";
			showEnvVarsInLog = 0;
		};
/* End PBXShellScriptBuildPhase section */

/* Begin PBXSourcesBuildPhase section */
		C938A136210793B000139709 /* Sources */ = {
			isa = PBXSourcesBuildPhase;
			buildActionMask = 2147483647;
			files = (
				C95ECDD0210D78BC00280631 /* VideosInCategoriesViewController.swift in Sources */,
				C9B379D0210A4518003674BA /* fakeLaunchScreenViewController.swift in Sources */,
				C938A15E21079B8500139709 /* SettingsViewController.swift in Sources */,
				C938A15821079AA400139709 /* MainTabBarController.swift in Sources */,
				C926E3832109018700312254 /* CategoriesTableViewCell.swift in Sources */,
				C938A16021079BF000139709 /* CategoriesViewController.swift in Sources */,
				C95ECDCE210D67DC00280631 /* Categories.swift in Sources */,
				C938A13E210793B000139709 /* AppDelegate.swift in Sources */,
				C9D97775210F741E00FE82E0 /* VideosInCategories.swift in Sources */,
				C9D97773210F712800FE82E0 /* VideosInCategoriesTableViewCell.swift in Sources */,
				C938A15C21079B1900139709 /* LaunchScreenViewController.swift in Sources */,
				C926E381210900C700312254 /* HomeVideoTableViewCell.swift in Sources */,
				C926E37C2108FF1800312254 /* Video.swift in Sources */,
				C926E38521091F4300312254 /* Quote.swift in Sources */,
				C938A15A21079ABB00139709 /* HomeViewController.swift in Sources */,
				C91934AF21125C7600E9E74E /* ShowVideoViewController.swift in Sources */,
			);
			runOnlyForDeploymentPostprocessing = 0;
		};
/* End PBXSourcesBuildPhase section */

/* Begin PBXVariantGroup section */
		C938A141210793B000139709 /* Main.storyboard */ = {
			isa = PBXVariantGroup;
			children = (
				C938A142210793B000139709 /* Base */,
			);
			name = Main.storyboard;
			sourceTree = "<group>";
		};
/* End PBXVariantGroup section */

/* Begin XCBuildConfiguration section */
		C938A14A210793B000139709 /* Debug */ = {
			isa = XCBuildConfiguration;
			buildSettings = {
				ALWAYS_SEARCH_USER_PATHS = NO;
				CLANG_ANALYZER_NONNULL = YES;
				CLANG_ANALYZER_NUMBER_OBJECT_CONVERSION = YES_AGGRESSIVE;
				CLANG_CXX_LANGUAGE_STANDARD = "gnu++14";
				CLANG_CXX_LIBRARY = "libc++";
				CLANG_ENABLE_MODULES = YES;
				CLANG_ENABLE_OBJC_ARC = YES;
				CLANG_ENABLE_OBJC_WEAK = YES;
				CLANG_WARN_BLOCK_CAPTURE_AUTORELEASING = YES;
				CLANG_WARN_BOOL_CONVERSION = YES;
				CLANG_WARN_COMMA = YES;
				CLANG_WARN_CONSTANT_CONVERSION = YES;
				CLANG_WARN_DEPRECATED_OBJC_IMPLEMENTATIONS = YES;
				CLANG_WARN_DIRECT_OBJC_ISA_USAGE = YES_ERROR;
				CLANG_WARN_DOCUMENTATION_COMMENTS = YES;
				CLANG_WARN_EMPTY_BODY = YES;
				CLANG_WARN_ENUM_CONVERSION = YES;
				CLANG_WARN_INFINITE_RECURSION = YES;
				CLANG_WARN_INT_CONVERSION = YES;
				CLANG_WARN_NON_LITERAL_NULL_CONVERSION = YES;
				CLANG_WARN_OBJC_IMPLICIT_RETAIN_SELF = YES;
				CLANG_WARN_OBJC_LITERAL_CONVERSION = YES;
				CLANG_WARN_OBJC_ROOT_CLASS = YES_ERROR;
				CLANG_WARN_RANGE_LOOP_ANALYSIS = YES;
				CLANG_WARN_STRICT_PROTOTYPES = YES;
				CLANG_WARN_SUSPICIOUS_MOVE = YES;
				CLANG_WARN_UNGUARDED_AVAILABILITY = YES_AGGRESSIVE;
				CLANG_WARN_UNREACHABLE_CODE = YES;
				CLANG_WARN__DUPLICATE_METHOD_MATCH = YES;
				CODE_SIGN_IDENTITY = "iPhone Developer";
				COPY_PHASE_STRIP = NO;
				DEBUG_INFORMATION_FORMAT = dwarf;
				ENABLE_STRICT_OBJC_MSGSEND = YES;
				ENABLE_TESTABILITY = YES;
				GCC_C_LANGUAGE_STANDARD = gnu11;
				GCC_DYNAMIC_NO_PIC = NO;
				GCC_NO_COMMON_BLOCKS = YES;
				GCC_OPTIMIZATION_LEVEL = 0;
				GCC_PREPROCESSOR_DEFINITIONS = (
					"DEBUG=1",
					"$(inherited)",
				);
				GCC_WARN_64_TO_32_BIT_CONVERSION = YES;
				GCC_WARN_ABOUT_RETURN_TYPE = YES_ERROR;
				GCC_WARN_UNDECLARED_SELECTOR = YES;
				GCC_WARN_UNINITIALIZED_AUTOS = YES_AGGRESSIVE;
				GCC_WARN_UNUSED_FUNCTION = YES;
				GCC_WARN_UNUSED_VARIABLE = YES;
				IPHONEOS_DEPLOYMENT_TARGET = 11.4;
				MTL_ENABLE_DEBUG_INFO = YES;
				ONLY_ACTIVE_ARCH = YES;
				SDKROOT = iphoneos;
				SWIFT_ACTIVE_COMPILATION_CONDITIONS = DEBUG;
				SWIFT_OPTIMIZATION_LEVEL = "-Onone";
			};
			name = Debug;
		};
		C938A14B210793B000139709 /* Release */ = {
			isa = XCBuildConfiguration;
			buildSettings = {
				ALWAYS_SEARCH_USER_PATHS = NO;
				CLANG_ANALYZER_NONNULL = YES;
				CLANG_ANALYZER_NUMBER_OBJECT_CONVERSION = YES_AGGRESSIVE;
				CLANG_CXX_LANGUAGE_STANDARD = "gnu++14";
				CLANG_CXX_LIBRARY = "libc++";
				CLANG_ENABLE_MODULES = YES;
				CLANG_ENABLE_OBJC_ARC = YES;
				CLANG_ENABLE_OBJC_WEAK = YES;
				CLANG_WARN_BLOCK_CAPTURE_AUTORELEASING = YES;
				CLANG_WARN_BOOL_CONVERSION = YES;
				CLANG_WARN_COMMA = YES;
				CLANG_WARN_CONSTANT_CONVERSION = YES;
				CLANG_WARN_DEPRECATED_OBJC_IMPLEMENTATIONS = YES;
				CLANG_WARN_DIRECT_OBJC_ISA_USAGE = YES_ERROR;
				CLANG_WARN_DOCUMENTATION_COMMENTS = YES;
				CLANG_WARN_EMPTY_BODY = YES;
				CLANG_WARN_ENUM_CONVERSION = YES;
				CLANG_WARN_INFINITE_RECURSION = YES;
				CLANG_WARN_INT_CONVERSION = YES;
				CLANG_WARN_NON_LITERAL_NULL_CONVERSION = YES;
				CLANG_WARN_OBJC_IMPLICIT_RETAIN_SELF = YES;
				CLANG_WARN_OBJC_LITERAL_CONVERSION = YES;
				CLANG_WARN_OBJC_ROOT_CLASS = YES_ERROR;
				CLANG_WARN_RANGE_LOOP_ANALYSIS = YES;
				CLANG_WARN_STRICT_PROTOTYPES = YES;
				CLANG_WARN_SUSPICIOUS_MOVE = YES;
				CLANG_WARN_UNGUARDED_AVAILABILITY = YES_AGGRESSIVE;
				CLANG_WARN_UNREACHABLE_CODE = YES;
				CLANG_WARN__DUPLICATE_METHOD_MATCH = YES;
				CODE_SIGN_IDENTITY = "iPhone Developer";
				COPY_PHASE_STRIP = NO;
				DEBUG_INFORMATION_FORMAT = "dwarf-with-dsym";
				ENABLE_NS_ASSERTIONS = NO;
				ENABLE_STRICT_OBJC_MSGSEND = YES;
				GCC_C_LANGUAGE_STANDARD = gnu11;
				GCC_NO_COMMON_BLOCKS = YES;
				GCC_WARN_64_TO_32_BIT_CONVERSION = YES;
				GCC_WARN_ABOUT_RETURN_TYPE = YES_ERROR;
				GCC_WARN_UNDECLARED_SELECTOR = YES;
				GCC_WARN_UNINITIALIZED_AUTOS = YES_AGGRESSIVE;
				GCC_WARN_UNUSED_FUNCTION = YES;
				GCC_WARN_UNUSED_VARIABLE = YES;
				IPHONEOS_DEPLOYMENT_TARGET = 11.4;
				MTL_ENABLE_DEBUG_INFO = NO;
				SDKROOT = iphoneos;
				SWIFT_COMPILATION_MODE = wholemodule;
				SWIFT_OPTIMIZATION_LEVEL = "-O";
				VALIDATE_PRODUCT = YES;
			};
			name = Release;
		};
		C938A14D210793B000139709 /* Debug */ = {
			isa = XCBuildConfiguration;
			baseConfigurationReference = 4337340419BEBDF88CD537A8 /* Pods-Motivate.debug.xcconfig */;
			buildSettings = {
				ASSETCATALOG_COMPILER_APPICON_NAME = AppIcon;
				CODE_SIGN_STYLE = Automatic;
				DEVELOPMENT_TEAM = PF8K9PE8CL;
				INFOPLIST_FILE = Motivate/Info.plist;
				IPHONEOS_DEPLOYMENT_TARGET = 11.2;
				LD_RUNPATH_SEARCH_PATHS = (
					"$(inherited)",
					"@executable_path/Frameworks",
				);
				PRODUCT_BUNDLE_IDENTIFIER = com.makeschool.Motivate;
				PRODUCT_NAME = "$(TARGET_NAME)";
				SWIFT_VERSION = 4.0;
				TARGETED_DEVICE_FAMILY = "1,2";
			};
			name = Debug;
		};
		C938A14E210793B000139709 /* Release */ = {
			isa = XCBuildConfiguration;
			baseConfigurationReference = 5BB69A52FF71FAE51808D819 /* Pods-Motivate.release.xcconfig */;
			buildSettings = {
				ASSETCATALOG_COMPILER_APPICON_NAME = AppIcon;
				CODE_SIGN_STYLE = Automatic;
				DEVELOPMENT_TEAM = PF8K9PE8CL;
				INFOPLIST_FILE = Motivate/Info.plist;
				IPHONEOS_DEPLOYMENT_TARGET = 11.2;
				LD_RUNPATH_SEARCH_PATHS = (
					"$(inherited)",
					"@executable_path/Frameworks",
				);
				PRODUCT_BUNDLE_IDENTIFIER = com.makeschool.Motivate;
				PRODUCT_NAME = "$(TARGET_NAME)";
				SWIFT_VERSION = 4.0;
				TARGETED_DEVICE_FAMILY = "1,2";
			};
			name = Release;
		};
/* End XCBuildConfiguration section */

/* Begin XCConfigurationList section */
		C938A135210793B000139709 /* Build configuration list for PBXProject "Motivate" */ = {
			isa = XCConfigurationList;
			buildConfigurations = (
				C938A14A210793B000139709 /* Debug */,
				C938A14B210793B000139709 /* Release */,
			);
			defaultConfigurationIsVisible = 0;
			defaultConfigurationName = Release;
		};
		C938A14C210793B000139709 /* Build configuration list for PBXNativeTarget "Motivate" */ = {
			isa = XCConfigurationList;
			buildConfigurations = (
				C938A14D210793B000139709 /* Debug */,
				C938A14E210793B000139709 /* Release */,
			);
			defaultConfigurationIsVisible = 0;
			defaultConfigurationName = Release;
		};
/* End XCConfigurationList section */
	};
	rootObject = C938A132210793B000139709 /* Project object */;
}
